
Microsoft Visual Studio Solution File, Format Version 12.00
# Visual Studio Version 16
VisualStudioVersion = 16.0.29009.5
MinimumVisualStudioVersion = 10.0.40219.1
Project("{2150E333-8FDC-42A3-9474-1A3956D46DE8}") = "7.0", "7.0", "{53DCE561-853D-4523-A9B2-8B935B2B3447}"
EndProject
Project("{FAE04EC0-301F-11D3-BF4B-00C04F79EFBC}") = "OutVariables", "7.0\OutVariables\OutVariables.csproj", "{744C87E8-EC4F-41B2-A9C3-D9C22197AC41}"
EndProject
Project("{FAE04EC0-301F-11D3-BF4B-00C04F79EFBC}") = "Tuples", "7.0\Tuples\Tuples.csproj", "{6C8C3A3C-953B-4042-B7BA-F334F43BDD2B}"
EndProject
Project("{FAE04EC0-301F-11D3-BF4B-00C04F79EFBC}") = "Discards", "7.0\Discards\Discards.csproj", "{CC618911-0085-4099-B911-1031DF1994F2}"
EndProject
Project("{FAE04EC0-301F-11D3-BF4B-00C04F79EFBC}") = "PatternMatching", "7.0\PatternMatching\PatternMatching.csproj", "{F281A513-EF81-4C2A-8173-32F12EB6346D}"
EndProject
Project("{FAE04EC0-301F-11D3-BF4B-00C04F79EFBC}") = "RefLocals", "7.0\RefLocals\RefLocals.csproj", "{45494AF1-4697-4B05-AD2B-B6DF8A50DEC2}"
EndProject
Project("{FAE04EC0-301F-11D3-BF4B-00C04F79EFBC}") = "LocalFunctions", "7.0\LocalFunctions\LocalFunctions.csproj", "{4F60EFC6-598D-47AD-8C8F-7B8C776A640A}"
EndProject
Project("{FAE04EC0-301F-11D3-BF4B-00C04F79EFBC}") = "ExpressionBodiedMembers", "7.0\ExpressionBodiedMembers\ExpressionBodiedMembers.csproj", "{BA5459B8-2C3B-4DB9-B13F-F0F906BE30A9}"
EndProject
Project("{FAE04EC0-301F-11D3-BF4B-00C04F79EFBC}") = "ThrowExpression", "7.0\ThrowExpression\ThrowExpression.csproj", "{21813980-264C-493B-8C38-69C2CDAB62DA}"
EndProject
Project("{FAE04EC0-301F-11D3-BF4B-00C04F79EFBC}") = "GeneralizedAsyncReturnTypes", "7.0\GeneralizedAsyncReturnTypes\GeneralizedAsyncReturnTypes.csproj", "{432E2FFE-C63E-4B77-9DC9-3143CF4447D2}"
EndProject
Project("{FAE04EC0-301F-11D3-BF4B-00C04F79EFBC}") = "NumericDigitSeparator", "7.0\NumericDigitSeparator\NumericDigitSeparator.csproj", "{B9F24882-600E-4607-BC15-D2F6394394FA}"
EndProject
Project("{2150E333-8FDC-42A3-9474-1A3956D46DE8}") = "7.1", "7.1", "{30972E8A-B7F6-4D9D-BBAE-A100FA3C7DD5}"
EndProject
Project("{FAE04EC0-301F-11D3-BF4B-00C04F79EFBC}") = "AsyncMain", "7.1\AsyncMain\AsyncMain.csproj", "{2F9FD877-06B8-4E99-9B4B-34E87FA7F9D8}"
EndProject
Project("{FAE04EC0-301F-11D3-BF4B-00C04F79EFBC}") = "DefaultLiteralExpression", "7.1\DefaultLiteralExpression\DefaultLiteralExpression.csproj", "{344DF9E9-9C87-4ABE-865B-CE63A06030B0}"
EndProject
Project("{FAE04EC0-301F-11D3-BF4B-00C04F79EFBC}") = "InferredTupleElementNames", "7.1\InferredTupleElementNames\InferredTupleElementNames.csproj", "{33C704F8-53F1-485C-8409-913049F59BEE}"
EndProject
Global
	GlobalSection(SolutionConfigurationPlatforms) = preSolution
		Debug|Any CPU = Debug|Any CPU
		Release|Any CPU = Release|Any CPU
	EndGlobalSection
	GlobalSection(ProjectConfigurationPlatforms) = postSolution
		{744C87E8-EC4F-41B2-A9C3-D9C22197AC41}.Debug|Any CPU.ActiveCfg = Debug|Any CPU
		{744C87E8-EC4F-41B2-A9C3-D9C22197AC41}.Debug|Any CPU.Build.0 = Debug|Any CPU
		{744C87E8-EC4F-41B2-A9C3-D9C22197AC41}.Release|Any CPU.ActiveCfg = Release|Any CPU
		{744C87E8-EC4F-41B2-A9C3-D9C22197AC41}.Release|Any CPU.Build.0 = Release|Any CPU
		{6C8C3A3C-953B-4042-B7BA-F334F43BDD2B}.Debug|Any CPU.ActiveCfg = Debug|Any CPU
		{6C8C3A3C-953B-4042-B7BA-F334F43BDD2B}.Debug|Any CPU.Build.0 = Debug|Any CPU
		{6C8C3A3C-953B-4042-B7BA-F334F43BDD2B}.Release|Any CPU.ActiveCfg = Release|Any CPU
		{6C8C3A3C-953B-4042-B7BA-F334F43BDD2B}.Release|Any CPU.Build.0 = Release|Any CPU
		{CC618911-0085-4099-B911-1031DF1994F2}.Debug|Any CPU.ActiveCfg = Debug|Any CPU
		{CC618911-0085-4099-B911-1031DF1994F2}.Debug|Any CPU.Build.0 = Debug|Any CPU
		{CC618911-0085-4099-B911-1031DF1994F2}.Release|Any CPU.ActiveCfg = Release|Any CPU
		{CC618911-0085-4099-B911-1031DF1994F2}.Release|Any CPU.Build.0 = Release|Any CPU
		{F281A513-EF81-4C2A-8173-32F12EB6346D}.Debug|Any CPU.ActiveCfg = Debug|Any CPU
		{F281A513-EF81-4C2A-8173-32F12EB6346D}.Debug|Any CPU.Build.0 = Debug|Any CPU
		{F281A513-EF81-4C2A-8173-32F12EB6346D}.Release|Any CPU.ActiveCfg = Release|Any CPU
		{F281A513-EF81-4C2A-8173-32F12EB6346D}.Release|Any CPU.Build.0 = Release|Any CPU
		{45494AF1-4697-4B05-AD2B-B6DF8A50DEC2}.Debug|Any CPU.ActiveCfg = Debug|Any CPU
		{45494AF1-4697-4B05-AD2B-B6DF8A50DEC2}.Debug|Any CPU.Build.0 = Debug|Any CPU
		{45494AF1-4697-4B05-AD2B-B6DF8A50DEC2}.Release|Any CPU.ActiveCfg = Release|Any CPU
		{45494AF1-4697-4B05-AD2B-B6DF8A50DEC2}.Release|Any CPU.Build.0 = Release|Any CPU
		{4F60EFC6-598D-47AD-8C8F-7B8C776A640A}.Debug|Any CPU.ActiveCfg = Debug|Any CPU
		{4F60EFC6-598D-47AD-8C8F-7B8C776A640A}.Debug|Any CPU.Build.0 = Debug|Any CPU
		{4F60EFC6-598D-47AD-8C8F-7B8C776A640A}.Release|Any CPU.ActiveCfg = Release|Any CPU
		{4F60EFC6-598D-47AD-8C8F-7B8C776A640A}.Release|Any CPU.Build.0 = Release|Any CPU
		{BA5459B8-2C3B-4DB9-B13F-F0F906BE30A9}.Debug|Any CPU.ActiveCfg = Debug|Any CPU
		{BA5459B8-2C3B-4DB9-B13F-F0F906BE30A9}.Debug|Any CPU.Build.0 = Debug|Any CPU
		{BA5459B8-2C3B-4DB9-B13F-F0F906BE30A9}.Release|Any CPU.ActiveCfg = Release|Any CPU
		{BA5459B8-2C3B-4DB9-B13F-F0F906BE30A9}.Release|Any CPU.Build.0 = Release|Any CPU
		{21813980-264C-493B-8C38-69C2CDAB62DA}.Debug|Any CPU.ActiveCfg = Debug|Any CPU
		{21813980-264C-493B-8C38-69C2CDAB62DA}.Debug|Any CPU.Build.0 = Debug|Any CPU
		{21813980-264C-493B-8C38-69C2CDAB62DA}.Release|Any CPU.ActiveCfg = Release|Any CPU
		{21813980-264C-493B-8C38-69C2CDAB62DA}.Release|Any CPU.Build.0 = Release|Any CPU
		{432E2FFE-C63E-4B77-9DC9-3143CF4447D2}.Debug|Any CPU.ActiveCfg = Debug|Any CPU
		{432E2FFE-C63E-4B77-9DC9-3143CF4447D2}.Debug|Any CPU.Build.0 = Debug|Any CPU
		{432E2FFE-C63E-4B77-9DC9-3143CF4447D2}.Release|Any CPU.ActiveCfg = Release|Any CPU
		{432E2FFE-C63E-4B77-9DC9-3143CF4447D2}.Release|Any CPU.Build.0 = Release|Any CPU
		{B9F24882-600E-4607-BC15-D2F6394394FA}.Debug|Any CPU.ActiveCfg = Debug|Any CPU
		{B9F24882-600E-4607-BC15-D2F6394394FA}.Debug|Any CPU.Build.0 = Debug|Any CPU
		{B9F24882-600E-4607-BC15-D2F6394394FA}.Release|Any CPU.ActiveCfg = Release|Any CPU
		{B9F24882-600E-4607-BC15-D2F6394394FA}.Release|Any CPU.Build.0 = Release|Any CPU
		{2F9FD877-06B8-4E99-9B4B-34E87FA7F9D8}.Debug|Any CPU.ActiveCfg = Debug|Any CPU
		{2F9FD877-06B8-4E99-9B4B-34E87FA7F9D8}.Debug|Any CPU.Build.0 = Debug|Any CPU
		{2F9FD877-06B8-4E99-9B4B-34E87FA7F9D8}.Release|Any CPU.ActiveCfg = Release|Any CPU
		{2F9FD877-06B8-4E99-9B4B-34E87FA7F9D8}.Release|Any CPU.Build.0 = Release|Any CPU
		{344DF9E9-9C87-4ABE-865B-CE63A06030B0}.Debug|Any CPU.ActiveCfg = Debug|Any CPU
		{344DF9E9-9C87-4ABE-865B-CE63A06030B0}.Debug|Any CPU.Build.0 = Debug|Any CPU
		{344DF9E9-9C87-4ABE-865B-CE63A06030B0}.Release|Any CPU.ActiveCfg = Release|Any CPU
		{344DF9E9-9C87-4ABE-865B-CE63A06030B0}.Release|Any CPU.Build.0 = Release|Any CPU
		{33C704F8-53F1-485C-8409-913049F59BEE}.Debug|Any CPU.ActiveCfg = Debug|Any CPU
		{33C704F8-53F1-485C-8409-913049F59BEE}.Debug|Any CPU.Build.0 = Debug|Any CPU
		{33C704F8-53F1-485C-8409-913049F59BEE}.Release|Any CPU.ActiveCfg = Release|Any CPU
		{33C704F8-53F1-485C-8409-913049F59BEE}.Release|Any CPU.Build.0 = Release|Any CPU
	EndGlobalSection
	GlobalSection(SolutionProperties) = preSolution
		HideSolutionNode = FALSE
	EndGlobalSection
	GlobalSection(NestedProjects) = preSolution
		{744C87E8-EC4F-41B2-A9C3-D9C22197AC41} = {53DCE561-853D-4523-A9B2-8B935B2B3447}
		{6C8C3A3C-953B-4042-B7BA-F334F43BDD2B} = {53DCE561-853D-4523-A9B2-8B935B2B3447}
		{CC618911-0085-4099-B911-1031DF1994F2} = {53DCE561-853D-4523-A9B2-8B935B2B3447}
		{F281A513-EF81-4C2A-8173-32F12EB6346D} = {53DCE561-853D-4523-A9B2-8B935B2B3447}
		{45494AF1-4697-4B05-AD2B-B6DF8A50DEC2} = {53DCE561-853D-4523-A9B2-8B935B2B3447}
		{4F60EFC6-598D-47AD-8C8F-7B8C776A640A} = {53DCE561-853D-4523-A9B2-8B935B2B3447}
		{BA5459B8-2C3B-4DB9-B13F-F0F906BE30A9} = {53DCE561-853D-4523-A9B2-8B935B2B3447}
		{21813980-264C-493B-8C38-69C2CDAB62DA} = {53DCE561-853D-4523-A9B2-8B935B2B3447}
		{432E2FFE-C63E-4B77-9DC9-3143CF4447D2} = {53DCE561-853D-4523-A9B2-8B935B2B3447}
		{B9F24882-600E-4607-BC15-D2F6394394FA} = {53DCE561-853D-4523-A9B2-8B935B2B3447}
		{2F9FD877-06B8-4E99-9B4B-34E87FA7F9D8} = {30972E8A-B7F6-4D9D-BBAE-A100FA3C7DD5}
		{344DF9E9-9C87-4ABE-865B-CE63A06030B0} = {30972E8A-B7F6-4D9D-BBAE-A100FA3C7DD5}
		{33C704F8-53F1-485C-8409-913049F59BEE} = {30972E8A-B7F6-4D9D-BBAE-A100FA3C7DD5}
	EndGlobalSection
	GlobalSection(ExtensibilityGlobals) = postSolution
		SolutionGuid = {4DF7DBD9-4CDF-4658-A2B0-583B833A72FD}
	EndGlobalSection
EndGlobal
